
Microsoft Visual Studio Solution File, Format Version 12.00
# Visual Studio 14
VisualStudioVersion = 14.0.25420.1
MinimumVisualStudioVersion = 10.0.40219.1
Project("{2150E333-8FDC-42A3-9474-1A3956D46DE8}") = "TOUR.CLAS.BOT", "TOUR.CLAS.BOT", "{FB9F96AE-47E7-42D1-BB30-B6D9D2D4B46C}"
EndProject
Project("{2150E333-8FDC-42A3-9474-1A3956D46DE8}") = "TOUR.CLAS.QUEUE", "TOUR.CLAS.QUEUE", "{B917060E-096D-426F-84EE-68CAFB918E23}"
EndProject
Project("{2150E333-8FDC-42A3-9474-1A3956D46DE8}") = "TOUR.ELK.INDEXER", "TOUR.ELK.INDEXER", "{F4A18929-7E95-4EDC-9D58-BEFB85E4A852}"
EndProject
Project("{FAE04EC0-301F-11D3-BF4B-00C04F79EFBC}") = "TOUR.CLAS.BOT", "TOUR.CLAS.BOT\TOUR.ELK.BOT\TOUR.CLAS.BOT.csproj", "{AA403888-A67E-41CC-B701-57253E746121}"
EndProject
Project("{FAE04EC0-301F-11D3-BF4B-00C04F79EFBC}") = "TOUR.CLAS.QUEUE", "TOUR.CLAS.QUEUE\TOUR.ELK.QUEUE\TOUR.CLAS.QUEUE.csproj", "{6505BAD7-14C7-4225-8631-571DEE0848C2}"
EndProject
Project("{FAE04EC0-301F-11D3-BF4B-00C04F79EFBC}") = "TOUR.ELK.INDEXER", "TOUR.ELK.INDEXER\TOUR.ELK.INDEXER\TOUR.ELK.INDEXER.csproj", "{AA45C6AB-1CB0-4A51-AF74-21C495A4D7BF}"
EndProject
Project("{2150E333-8FDC-42A3-9474-1A3956D46DE8}") = "TOUR.MIS", "TOUR.MIS", "{2ED1D13A-A205-48F9-918D-1BB117BF12A8}"
EndProject
Project("{FAE04EC0-301F-11D3-BF4B-00C04F79EFBC}") = "TOUR.MIS", "TOUR.FILEMOVE\TOUR.MIS\TOUR.MIS.csproj", "{56BD2327-5277-419D-94A3-9D322B908AA6}"
EndProject
Global
	GlobalSection(SolutionConfigurationPlatforms) = preSolution
		Debug|Any CPU = Debug|Any CPU
		Release|Any CPU = Release|Any CPU
	EndGlobalSection
	GlobalSection(ProjectConfigurationPlatforms) = postSolution
		{AA403888-A67E-41CC-B701-57253E746121}.Debug|Any CPU.ActiveCfg = Debug|Any CPU
		{AA403888-A67E-41CC-B701-57253E746121}.Debug|Any CPU.Build.0 = Debug|Any CPU
		{AA403888-A67E-41CC-B701-57253E746121}.Release|Any CPU.ActiveCfg = Release|Any CPU
		{AA403888-A67E-41CC-B701-57253E746121}.Release|Any CPU.Build.0 = Release|Any CPU
		{6505BAD7-14C7-4225-8631-571DEE0848C2}.Debug|Any CPU.ActiveCfg = Debug|Any CPU
		{6505BAD7-14C7-4225-8631-571DEE0848C2}.Debug|Any CPU.Build.0 = Debug|Any CPU
		{6505BAD7-14C7-4225-8631-571DEE0848C2}.Release|Any CPU.ActiveCfg = Release|Any CPU
		{6505BAD7-14C7-4225-8631-571DEE0848C2}.Release|Any CPU.Build.0 = Release|Any CPU
		{AA45C6AB-1CB0-4A51-AF74-21C495A4D7BF}.Debug|Any CPU.ActiveCfg = Debug|Any CPU
		{AA45C6AB-1CB0-4A51-AF74-21C495A4D7BF}.Debug|Any CPU.Build.0 = Debug|Any CPU
		{AA45C6AB-1CB0-4A51-AF74-21C495A4D7BF}.Release|Any CPU.ActiveCfg = Debug|Any CPU
		{AA45C6AB-1CB0-4A51-AF74-21C495A4D7BF}.Release|Any CPU.Build.0 = Debug|Any CPU
		{56BD2327-5277-419D-94A3-9D322B908AA6}.Debug|Any CPU.ActiveCfg = Debug|Any CPU
		{56BD2327-5277-419D-94A3-9D322B908AA6}.Debug|Any CPU.Build.0 = Debug|Any CPU
		{56BD2327-5277-419D-94A3-9D322B908AA6}.Release|Any CPU.ActiveCfg = Release|Any CPU
		{56BD2327-5277-419D-94A3-9D322B908AA6}.Release|Any CPU.Build.0 = Release|Any CPU
	EndGlobalSection
	GlobalSection(SolutionProperties) = preSolution
		HideSolutionNode = FALSE
	EndGlobalSection
	GlobalSection(NestedProjects) = preSolution
		{AA403888-A67E-41CC-B701-57253E746121} = {FB9F96AE-47E7-42D1-BB30-B6D9D2D4B46C}
		{6505BAD7-14C7-4225-8631-571DEE0848C2} = {B917060E-096D-426F-84EE-68CAFB918E23}
		{AA45C6AB-1CB0-4A51-AF74-21C495A4D7BF} = {F4A18929-7E95-4EDC-9D58-BEFB85E4A852}
		{56BD2327-5277-419D-94A3-9D322B908AA6} = {2ED1D13A-A205-48F9-918D-1BB117BF12A8}
	EndGlobalSection
EndGlobal
